{
  "object": {
    "pins": [
      {
        "package": "DeDuplicatingEntity",
        "repositoryURL": "https://github.com/vichudson1/DeDuplicatingEntity.git",
        "state": {
          "branch": "main",
          "revision": "f26df363dc849ccecaab652c2ce95e7f7a86c511",
          "version": null
        }
      }
    ]
  },
  "version": 1
}
